
Microsoft Visual Studio Solution File, Format Version 12.00
# Visual Studio Version 16
VisualStudioVersion = 16.0.32126.315
MinimumVisualStudioVersion = 10.0.40219.1
Project("{FAE04EC0-301F-11D3-BF4B-00C04F79EFBC}") = "PCPMWEBAPI", "PCPMWEBAPI\PCPMWEBAPI.csproj", "{0FE4BBEF-70EB-42C4-A158-F3E6B36B7427}"
EndProject
Project("{FAE04EC0-301F-11D3-BF4B-00C04F79EFBC}") = "PCPM.BL", "BL\PCPM.BL.csproj", "{08AB531C-06BD-41B2-A98E-9944C4D29DC5}"
EndProject
Project("{FAE04EC0-301F-11D3-BF4B-00C04F79EFBC}") = "PCPM.Data", "PCPM.Data\PCPM.Data.csproj", "{5CBB9E68-AEBF-46CD-8D31-4EC79DAE5FC8}"
EndProject
Project("{FAE04EC0-301F-11D3-BF4B-00C04F79EFBC}") = "PCPM.IBll", "PCPM.IBll\PCPM.IBll.csproj", "{524011E7-DCAF-4735-AE0E-84ECD64603C4}"
EndProject
Project("{FAE04EC0-301F-11D3-BF4B-00C04F79EFBC}") = "PCPM.Model", "PCPM.Model\PCPM.Model.csproj", "{D1E05B92-0827-44E6-B614-4D0C497EA045}"
EndProject
Global
	GlobalSection(SolutionConfigurationPlatforms) = preSolution
		Debug|Any CPU = Debug|Any CPU
		Release|Any CPU = Release|Any CPU
	EndGlobalSection
	GlobalSection(ProjectConfigurationPlatforms) = postSolution
		{0FE4BBEF-70EB-42C4-A158-F3E6B36B7427}.Debug|Any CPU.ActiveCfg = Debug|Any CPU
		{0FE4BBEF-70EB-42C4-A158-F3E6B36B7427}.Debug|Any CPU.Build.0 = Debug|Any CPU
		{0FE4BBEF-70EB-42C4-A158-F3E6B36B7427}.Release|Any CPU.ActiveCfg = Release|Any CPU
		{0FE4BBEF-70EB-42C4-A158-F3E6B36B7427}.Release|Any CPU.Build.0 = Release|Any CPU
		{08AB531C-06BD-41B2-A98E-9944C4D29DC5}.Debug|Any CPU.ActiveCfg = Debug|Any CPU
		{08AB531C-06BD-41B2-A98E-9944C4D29DC5}.Debug|Any CPU.Build.0 = Debug|Any CPU
		{08AB531C-06BD-41B2-A98E-9944C4D29DC5}.Release|Any CPU.ActiveCfg = Release|Any CPU
		{08AB531C-06BD-41B2-A98E-9944C4D29DC5}.Release|Any CPU.Build.0 = Release|Any CPU
		{5CBB9E68-AEBF-46CD-8D31-4EC79DAE5FC8}.Debug|Any CPU.ActiveCfg = Debug|Any CPU
		{5CBB9E68-AEBF-46CD-8D31-4EC79DAE5FC8}.Debug|Any CPU.Build.0 = Debug|Any CPU
		{5CBB9E68-AEBF-46CD-8D31-4EC79DAE5FC8}.Release|Any CPU.ActiveCfg = Release|Any CPU
		{5CBB9E68-AEBF-46CD-8D31-4EC79DAE5FC8}.Release|Any CPU.Build.0 = Release|Any CPU
		{524011E7-DCAF-4735-AE0E-84ECD64603C4}.Debug|Any CPU.ActiveCfg = Debug|Any CPU
		{524011E7-DCAF-4735-AE0E-84ECD64603C4}.Debug|Any CPU.Build.0 = Debug|Any CPU
		{524011E7-DCAF-4735-AE0E-84ECD64603C4}.Release|Any CPU.ActiveCfg = Release|Any CPU
		{524011E7-DCAF-4735-AE0E-84ECD64603C4}.Release|Any CPU.Build.0 = Release|Any CPU
		{D1E05B92-0827-44E6-B614-4D0C497EA045}.Debug|Any CPU.ActiveCfg = Debug|Any CPU
		{D1E05B92-0827-44E6-B614-4D0C497EA045}.Debug|Any CPU.Build.0 = Debug|Any CPU
		{D1E05B92-0827-44E6-B614-4D0C497EA045}.Release|Any CPU.ActiveCfg = Release|Any CPU
		{D1E05B92-0827-44E6-B614-4D0C497EA045}.Release|Any CPU.Build.0 = Release|Any CPU
	EndGlobalSection
	GlobalSection(SolutionProperties) = preSolution
		HideSolutionNode = FALSE
	EndGlobalSection
	GlobalSection(ExtensibilityGlobals) = postSolution
		SolutionGuid = {848AB56F-FEE4-4E55-B752-542B2FDE7911}
	EndGlobalSection
EndGlobal
